
Microsoft Visual Studio Solution File, Format Version 12.00
# Visual Studio 15
VisualStudioVersion = 15.0.26430.16
MinimumVisualStudioVersion = 10.0.40219.1
Project("{FAE04EC0-301F-11D3-BF4B-00C04F79EFBC}") = "CaseAndMeWeb", "CaseAndMeWeb\CaseAndMeWeb.csproj", "{B89C9FDF-53FC-4976-93F7-D0F7CB76D699}"
EndProject
Global
	GlobalSection(SolutionConfigurationPlatforms) = preSolution
		Debug|Any CPU = Debug|Any CPU
		Release|Any CPU = Release|Any CPU
	EndGlobalSection
	GlobalSection(ProjectConfigurationPlatforms) = postSolution
		{B89C9FDF-53FC-4976-93F7-D0F7CB76D699}.Debug|Any CPU.ActiveCfg = Debug|Any CPU
		{B89C9FDF-53FC-4976-93F7-D0F7CB76D699}.Debug|Any CPU.Build.0 = Debug|Any CPU
		{B89C9FDF-53FC-4976-93F7-D0F7CB76D699}.Release|Any CPU.ActiveCfg = Release|Any CPU
		{B89C9FDF-53FC-4976-93F7-D0F7CB76D699}.Release|Any CPU.Build.0 = Release|Any CPU
	EndGlobalSection
	GlobalSection(SolutionProperties) = preSolution
		HideSolutionNode = FALSE
	EndGlobalSection
	GlobalSection(ExtensibilityGlobals) = postSolution
		SolutionGuid = {D066C2CA-B13E-4115-91B6-AD35CBE565A0}
	EndGlobalSection
EndGlobal
